PODS:
  - UpdateiOSApp (0.1.0)

DEPENDENCIES:
  - UpdateiOSApp (from `~/.cocoapods/repos/UpdateiOSApp/UpdateiOSApp`)

EXTERNAL SOURCES:
  UpdateiOSApp:
    :path: ~/.cocoapods/repos/UpdateiOSApp/UpdateiOSApp

SPEC CHECKSUMS:
  UpdateiOSApp: 31036e470be99f9183f4921c5d59c5ca73cca528

PODFILE CHECKSUM: c3d4f703a2f167ba6156dc32f92a54afe15f227a

COCOAPODS: 1.3.1
